
Microsoft Visual Studio Solution File, Format Version 12.00
# Visual Studio 15
VisualStudioVersion = 15.0.27703.2047
MinimumVisualStudioVersion = 10.0.40219.1
Project("{FAE04EC0-301F-11D3-BF4B-00C04F79EFBC}") = "Sales.Android", "Sales\Sales.Android\Sales.Android.csproj", "{44AFBF9E-D80A-4308-B90B-F9AEB8EEE442}"
EndProject
Project("{FAE04EC0-301F-11D3-BF4B-00C04F79EFBC}") = "Sales.iOS", "Sales\Sales.iOS\Sales.iOS.csproj", "{0F3F4325-C67C-4D08-A7D4-8BE939D02CD6}"
EndProject
Project("{FAE04EC0-301F-11D3-BF4B-00C04F79EFBC}") = "Sales.UWP", "Sales\Sales.UWP\Sales.UWP.csproj", "{7AA5E529-FA84-4215-876C-801A7846CDB7}"
EndProject
Project("{9A19103F-16F7-4668-BE54-9A1E7A4F7556}") = "Sales", "Sales\Sales\Sales.csproj", "{F9C027EE-9B26-4898-B8D5-380F1C244458}"
EndProject
Project("{FAE04EC0-301F-11D3-BF4B-00C04F79EFBC}") = "Sales.Backend", "Sales.Backend\Sales.Backend.csproj", "{09245E2E-0268-49A0-BDE3-DB87DBBE12D0}"
EndProject
Project("{FAE04EC0-301F-11D3-BF4B-00C04F79EFBC}") = "Sales.API", "Sales.API\Sales.API.csproj", "{1B4DD6C2-073B-49A4-9FDA-1E8D38BA6AF5}"
EndProject
Project("{FAE04EC0-301F-11D3-BF4B-00C04F79EFBC}") = "Sales.Domain", "Sales.Domain\Sales.Domain.csproj", "{2B765B78-E5E2-4A6F-A8FA-0D0A4EBB7A5B}"
EndProject
Project("{FAE04EC0-301F-11D3-BF4B-00C04F79EFBC}") = "Sales.Common", "Sales.Common\Sales.Common.csproj", "{1D71A574-5E37-4305-9E40-BF91CAC15E84}"
EndProject
Global
	GlobalSection(SolutionConfigurationPlatforms) = preSolution
		Ad-Hoc|Any CPU = Ad-Hoc|Any CPU
		Ad-Hoc|ARM = Ad-Hoc|ARM
		Ad-Hoc|iPhone = Ad-Hoc|iPhone
		Ad-Hoc|iPhoneSimulator = Ad-Hoc|iPhoneSimulator
		Ad-Hoc|x64 = Ad-Hoc|x64
		Ad-Hoc|x86 = Ad-Hoc|x86
		AppStore|Any CPU = AppStore|Any CPU
		AppStore|ARM = AppStore|ARM
		AppStore|iPhone = AppStore|iPhone
		AppStore|iPhoneSimulator = AppStore|iPhoneSimulator
		AppStore|x64 = AppStore|x64
		AppStore|x86 = AppStore|x86
		Debug|Any CPU = Debug|Any CPU
		Debug|ARM = Debug|ARM
		Debug|iPhone = Debug|iPhone
		Debug|iPhoneSimulator = Debug|iPhoneSimulator
		Debug|x64 = Debug|x64
		Debug|x86 = Debug|x86
		Release|Any CPU = Release|Any CPU
		Release|ARM = Release|ARM
		Release|iPhone = Release|iPhone
		Release|iPhoneSimulator = Release|iPhoneSimulator
		Release|x64 = Release|x64
		Release|x86 = Release|x86
	EndGlobalSection
	GlobalSection(ProjectConfigurationPlatforms) = postSolution
		{44AFBF9E-D80A-4308-B90B-F9AEB8EEE442}.Ad-Hoc|Any CPU.ActiveCfg = Release|Any CPU
		{44AFBF9E-D80A-4308-B90B-F9AEB8EEE442}.Ad-Hoc|Any CPU.Build.0 = Release|Any CPU
		{44AFBF9E-D80A-4308-B90B-F9AEB8EEE442}.Ad-Hoc|Any CPU.Deploy.0 = Release|Any CPU
		{44AFBF9E-D80A-4308-B90B-F9AEB8EEE442}.Ad-Hoc|ARM.ActiveCfg = Release|Any CPU
		{44AFBF9E-D80A-4308-B90B-F9AEB8EEE442}.Ad-Hoc|ARM.Build.0 = Release|Any CPU
		{44AFBF9E-D80A-4308-B90B-F9AEB8EEE442}.Ad-Hoc|ARM.Deploy.0 = Release|Any CPU
		{44AFBF9E-D80A-4308-B90B-F9AEB8EEE442}.Ad-Hoc|iPhone.ActiveCfg = Release|Any CPU
		{44AFBF9E-D80A-4308-B90B-F9AEB8EEE442}.Ad-Hoc|iPhone.Build.0 = Release|Any CPU
		{44AFBF9E-D80A-4308-B90B-F9AEB8EEE442}.Ad-Hoc|iPhone.Deploy.0 = Release|Any CPU
		{44AFBF9E-D80A-4308-B90B-F9AEB8EEE442}.Ad-Hoc|iPhoneSimulator.ActiveCfg = Release|Any CPU
		{44AFBF9E-D80A-4308-B90B-F9AEB8EEE442}.Ad-Hoc|iPhoneSimulator.Build.0 = Release|Any CPU
		{44AFBF9E-D80A-4308-B90B-F9AEB8EEE442}.Ad-Hoc|iPhoneSimulator.Deploy.0 = Release|Any CPU
		{44AFBF9E-D80A-4308-B90B-F9AEB8EEE442}.Ad-Hoc|x64.ActiveCfg = Release|Any CPU
		{44AFBF9E-D80A-4308-B90B-F9AEB8EEE442}.Ad-Hoc|x64.Build.0 = Release|Any CPU
		{44AFBF9E-D80A-4308-B90B-F9AEB8EEE442}.Ad-Hoc|x64.Deploy.0 = Release|Any CPU
		{44AFBF9E-D80A-4308-B90B-F9AEB8EEE442}.Ad-Hoc|x86.ActiveCfg = Release|Any CPU
		{44AFBF9E-D80A-4308-B90B-F9AEB8EEE442}.Ad-Hoc|x86.Build.0 = Release|Any CPU
		{44AFBF9E-D80A-4308-B90B-F9AEB8EEE442}.Ad-Hoc|x86.Deploy.0 = Release|Any CPU
		{44AFBF9E-D80A-4308-B90B-F9AEB8EEE442}.AppStore|Any CPU.ActiveCfg = Release|Any CPU
		{44AFBF9E-D80A-4308-B90B-F9AEB8EEE442}.AppStore|Any CPU.Build.0 = Release|Any CPU
		{44AFBF9E-D80A-4308-B90B-F9AEB8EEE442}.AppStore|Any CPU.Deploy.0 = Release|Any CPU
		{44AFBF9E-D80A-4308-B90B-F9AEB8EEE442}.AppStore|ARM.ActiveCfg = Release|Any CPU
		{44AFBF9E-D80A-4308-B90B-F9AEB8EEE442}.AppStore|ARM.Build.0 = Release|Any CPU
		{44AFBF9E-D80A-4308-B90B-F9AEB8EEE442}.AppStore|ARM.Deploy.0 = Release|Any CPU
		{44AFBF9E-D80A-4308-B90B-F9AEB8EEE442}.AppStore|iPhone.ActiveCfg = Release|Any CPU
		{44AFBF9E-D80A-4308-B90B-F9AEB8EEE442}.AppStore|iPhone.Build.0 = Release|Any CPU
		{44AFBF9E-D80A-4308-B90B-F9AEB8EEE442}.AppStore|iPhone.Deploy.0 = Release|Any CPU
		{44AFBF9E-D80A-4308-B90B-F9AEB8EEE442}.AppStore|iPhoneSimulator.ActiveCfg = Release|Any CPU
		{44AFBF9E-D80A-4308-B90B-F9AEB8EEE442}.AppStore|iPhoneSimulator.Build.0 = Release|Any CPU
		{44AFBF9E-D80A-4308-B90B-F9AEB8EEE442}.AppStore|iPhoneSimulator.Deploy.0 = Release|Any CPU
		{44AFBF9E-D80A-4308-B90B-F9AEB8EEE442}.AppStore|x64.ActiveCfg = Release|Any CPU
		{44AFBF9E-D80A-4308-B90B-F9AEB8EEE442}.AppStore|x64.Build.0 = Release|Any CPU
		{44AFBF9E-D80A-4308-B90B-F9AEB8EEE442}.AppStore|x64.Deploy.0 = Release|Any CPU
		{44AFBF9E-D80A-4308-B90B-F9AEB8EEE442}.AppStore|x86.ActiveCfg = Release|Any CPU
		{44AFBF9E-D80A-4308-B90B-F9AEB8EEE442}.AppStore|x86.Build.0 = Release|Any CPU
		{44AFBF9E-D80A-4308-B90B-F9AEB8EEE442}.AppStore|x86.Deploy.0 = Release|Any CPU
		{44AFBF9E-D80A-4308-B90B-F9AEB8EEE442}.Debug|Any CPU.ActiveCfg = Debug|Any CPU
		{44AFBF9E-D80A-4308-B90B-F9AEB8EEE442}.Debug|Any CPU.Build.0 = Debug|Any CPU
		{44AFBF9E-D80A-4308-B90B-F9AEB8EEE442}.Debug|Any CPU.Deploy.0 = Debug|Any CPU
		{44AFBF9E-D80A-4308-B90B-F9AEB8EEE442}.Debug|ARM.ActiveCfg = Debug|Any CPU
		{44AFBF9E-D80A-4308-B90B-F9AEB8EEE442}.Debug|ARM.Build.0 = Debug|Any CPU
		{44AFBF9E-D80A-4308-B90B-F9AEB8EEE442}.Debug|ARM.Deploy.0 = Debug|Any CPU
		{44AFBF9E-D80A-4308-B90B-F9AEB8EEE442}.Debug|iPhone.ActiveCfg = Debug|Any CPU
		{44AFBF9E-D80A-4308-B90B-F9AEB8EEE442}.Debug|iPhone.Build.0 = Debug|Any CPU
		{44AFBF9E-D80A-4308-B90B-F9AEB8EEE442}.Debug|iPhone.Deploy.0 = Debug|Any CPU
		{44AFBF9E-D80A-4308-B90B-F9AEB8EEE442}.Debug|iPhoneSimulator.ActiveCfg = Debug|Any CPU
		{44AFBF9E-D80A-4308-B90B-F9AEB8EEE442}.Debug|iPhoneSimulator.Build.0 = Debug|Any CPU
		{44AFBF9E-D80A-4308-B90B-F9AEB8EEE442}.Debug|iPhoneSimulator.Deploy.0 = Debug|Any CPU
		{44AFBF9E-D80A-4308-B90B-F9AEB8EEE442}.Debug|x64.ActiveCfg = Debug|Any CPU
		{44AFBF9E-D80A-4308-B90B-F9AEB8EEE442}.Debug|x64.Build.0 = Debug|Any CPU
		{44AFBF9E-D80A-4308-B90B-F9AEB8EEE442}.Debug|x64.Deploy.0 = Debug|Any CPU
		{44AFBF9E-D80A-4308-B90B-F9AEB8EEE442}.Debug|x86.ActiveCfg = Debug|Any CPU
		{44AFBF9E-D80A-4308-B90B-F9AEB8EEE442}.Debug|x86.Build.0 = Debug|Any CPU
		{44AFBF9E-D80A-4308-B90B-F9AEB8EEE442}.Debug|x86.Deploy.0 = Debug|Any CPU
		{44AFBF9E-D80A-4308-B90B-F9AEB8EEE442}.Release|Any CPU.ActiveCfg = Release|Any CPU
		{44AFBF9E-D80A-4308-B90B-F9AEB8EEE442}.Release|Any CPU.Build.0 = Release|Any CPU
		{44AFBF9E-D80A-4308-B90B-F9AEB8EEE442}.Release|Any CPU.Deploy.0 = Release|Any CPU
		{44AFBF9E-D80A-4308-B90B-F9AEB8EEE442}.Release|ARM.ActiveCfg = Release|Any CPU
		{44AFBF9E-D80A-4308-B90B-F9AEB8EEE442}.Release|ARM.Build.0 = Release|Any CPU
		{44AFBF9E-D80A-4308-B90B-F9AEB8EEE442}.Release|ARM.Deploy.0 = Release|Any CPU
		{44AFBF9E-D80A-4308-B90B-F9AEB8EEE442}.Release|iPhone.ActiveCfg = Release|Any CPU
		{44AFBF9E-D80A-4308-B90B-F9AEB8EEE442}.Release|iPhone.Build.0 = Release|Any CPU
		{44AFBF9E-D80A-4308-B90B-F9AEB8EEE442}.Release|iPhone.Deploy.0 = Release|Any CPU
		{44AFBF9E-D80A-4308-B90B-F9AEB8EEE442}.Release|iPhoneSimulator.ActiveCfg = Release|Any CPU
		{44AFBF9E-D80A-4308-B90B-F9AEB8EEE442}.Release|iPhoneSimulator.Build.0 = Release|Any CPU
		{44AFBF9E-D80A-4308-B90B-F9AEB8EEE442}.Release|iPhoneSimulator.Deploy.0 = Release|Any CPU
		{44AFBF9E-D80A-4308-B90B-F9AEB8EEE442}.Release|x64.ActiveCfg = Release|Any CPU
		{44AFBF9E-D80A-4308-B90B-F9AEB8EEE442}.Release|x64.Build.0 = Release|Any CPU
		{44AFBF9E-D80A-4308-B90B-F9AEB8EEE442}.Release|x64.Deploy.0 = Release|Any CPU
		{44AFBF9E-D80A-4308-B90B-F9AEB8EEE442}.Release|x86.ActiveCfg = Release|Any CPU
		{44AFBF9E-D80A-4308-B90B-F9AEB8EEE442}.Release|x86.Build.0 = Release|Any CPU
		{44AFBF9E-D80A-4308-B90B-F9AEB8EEE442}.Release|x86.Deploy.0 = Release|Any CPU
		{0F3F4325-C67C-4D08-A7D4-8BE939D02CD6}.Ad-Hoc|Any CPU.ActiveCfg = Ad-Hoc|iPhone
		{0F3F4325-C67C-4D08-A7D4-8BE939D02CD6}.Ad-Hoc|Any CPU.Build.0 = Ad-Hoc|iPhone
		{0F3F4325-C67C-4D08-A7D4-8BE939D02CD6}.Ad-Hoc|Any CPU.Deploy.0 = Ad-Hoc|iPhone
		{0F3F4325-C67C-4D08-A7D4-8BE939D02CD6}.Ad-Hoc|ARM.ActiveCfg = Ad-Hoc|iPhone
		{0F3F4325-C67C-4D08-A7D4-8BE939D02CD6}.Ad-Hoc|ARM.Build.0 = Ad-Hoc|iPhone
		{0F3F4325-C67C-4D08-A7D4-8BE939D02CD6}.Ad-Hoc|ARM.Deploy.0 = Ad-Hoc|iPhone
		{0F3F4325-C67C-4D08-A7D4-8BE939D02CD6}.Ad-Hoc|iPhone.ActiveCfg = Ad-Hoc|iPhone
		{0F3F4325-C67C-4D08-A7D4-8BE939D02CD6}.Ad-Hoc|iPhone.Build.0 = Ad-Hoc|iPhone
		{0F3F4325-C67C-4D08-A7D4-8BE939D02CD6}.Ad-Hoc|iPhone.Deploy.0 = Ad-Hoc|iPhone
		{0F3F4325-C67C-4D08-A7D4-8BE939D02CD6}.Ad-Hoc|iPhoneSimulator.ActiveCfg = Ad-Hoc|iPhoneSimulator
		{0F3F4325-C67C-4D08-A7D4-8BE939D02CD6}.Ad-Hoc|iPhoneSimulator.Build.0 = Ad-Hoc|iPhoneSimulator
		{0F3F4325-C67C-4D08-A7D4-8BE939D02CD6}.Ad-Hoc|iPhoneSimulator.Deploy.0 = Ad-Hoc|iPhoneSimulator
		{0F3F4325-C67C-4D08-A7D4-8BE939D02CD6}.Ad-Hoc|x64.ActiveCfg = Ad-Hoc|iPhone
		{0F3F4325-C67C-4D08-A7D4-8BE939D02CD6}.Ad-Hoc|x64.Build.0 = Ad-Hoc|iPhone
		{0F3F4325-C67C-4D08-A7D4-8BE939D02CD6}.Ad-Hoc|x64.Deploy.0 = Ad-Hoc|iPhone
		{0F3F4325-C67C-4D08-A7D4-8BE939D02CD6}.Ad-Hoc|x86.ActiveCfg = Ad-Hoc|iPhone
		{0F3F4325-C67C-4D08-A7D4-8BE939D02CD6}.Ad-Hoc|x86.Build.0 = Ad-Hoc|iPhone
		{0F3F4325-C67C-4D08-A7D4-8BE939D02CD6}.Ad-Hoc|x86.Deploy.0 = Ad-Hoc|iPhone
		{0F3F4325-C67C-4D08-A7D4-8BE939D02CD6}.AppStore|Any CPU.ActiveCfg = AppStore|iPhone
		{0F3F4325-C67C-4D08-A7D4-8BE939D02CD6}.AppStore|Any CPU.Build.0 = AppStore|iPhone
		{0F3F4325-C67C-4D08-A7D4-8BE939D02CD6}.AppStore|Any CPU.Deploy.0 = AppStore|iPhone
		{0F3F4325-C67C-4D08-A7D4-8BE939D02CD6}.AppStore|ARM.ActiveCfg = AppStore|iPhone
		{0F3F4325-C67C-4D08-A7D4-8BE939D02CD6}.AppStore|ARM.Build.0 = AppStore|iPhone
		{0F3F4325-C67C-4D08-A7D4-8BE939D02CD6}.AppStore|ARM.Deploy.0 = AppStore|iPhone
		{0F3F4325-C67C-4D08-A7D4-8BE939D02CD6}.AppStore|iPhone.ActiveCfg = AppStore|iPhone
		{0F3F4325-C67C-4D08-A7D4-8BE939D02CD6}.AppStore|iPhone.Build.0 = AppStore|iPhone
		{0F3F4325-C67C-4D08-A7D4-8BE939D02CD6}.AppStore|iPhone.Deploy.0 = AppStore|iPhone
		{0F3F4325-C67C-4D08-A7D4-8BE939D02CD6}.AppStore|iPhoneSimulator.ActiveCfg = AppStore|iPhoneSimulator
		{0F3F4325-C67C-4D08-A7D4-8BE939D02CD6}.AppStore|iPhoneSimulator.Build.0 = AppStore|iPhoneSimulator
		{0F3F4325-C67C-4D08-A7D4-8BE939D02CD6}.AppStore|iPhoneSimulator.Deploy.0 = AppStore|iPhoneSimulator
		{0F3F4325-C67C-4D08-A7D4-8BE939D02CD6}.AppStore|x64.ActiveCfg = AppStore|iPhone
		{0F3F4325-C67C-4D08-A7D4-8BE939D02CD6}.AppStore|x64.Build.0 = AppStore|iPhone
		{0F3F4325-C67C-4D08-A7D4-8BE939D02CD6}.AppStore|x64.Deploy.0 = AppStore|iPhone
		{0F3F4325-C67C-4D08-A7D4-8BE939D02CD6}.AppStore|x86.ActiveCfg = AppStore|iPhone
		{0F3F4325-C67C-4D08-A7D4-8BE939D02CD6}.AppStore|x86.Build.0 = AppStore|iPhone
		{0F3F4325-C67C-4D08-A7D4-8BE939D02CD6}.AppStore|x86.Deploy.0 = AppStore|iPhone
		{0F3F4325-C67C-4D08-A7D4-8BE939D02CD6}.Debug|Any CPU.ActiveCfg = Debug|iPhoneSimulator
		{0F3F4325-C67C-4D08-A7D4-8BE939D02CD6}.Debug|Any CPU.Build.0 = Debug|iPhoneSimulator
		{0F3F4325-C67C-4D08-A7D4-8BE939D02CD6}.Debug|Any CPU.Deploy.0 = Debug|iPhoneSimulator
		{0F3F4325-C67C-4D08-A7D4-8BE939D02CD6}.Debug|ARM.ActiveCfg = Debug|iPhone
		{0F3F4325-C67C-4D08-A7D4-8BE939D02CD6}.Debug|ARM.Build.0 = Debug|iPhone
		{0F3F4325-C67C-4D08-A7D4-8BE939D02CD6}.Debug|ARM.Deploy.0 = Debug|iPhone
		{0F3F4325-C67C-4D08-A7D4-8BE939D02CD6}.Debug|iPhone.ActiveCfg = Debug|iPhone
		{0F3F4325-C67C-4D08-A7D4-8BE939D02CD6}.Debug|iPhone.Build.0 = Debug|iPhone
		{0F3F4325-C67C-4D08-A7D4-8BE939D02CD6}.Debug|iPhone.Deploy.0 = Debug|iPhone
		{0F3F4325-C67C-4D08-A7D4-8BE939D02CD6}.Debug|iPhoneSimulator.ActiveCfg = Debug|iPhoneSimulator
		{0F3F4325-C67C-4D08-A7D4-8BE939D02CD6}.Debug|iPhoneSimulator.Build.0 = Debug|iPhoneSimulator
		{0F3F4325-C67C-4D08-A7D4-8BE939D02CD6}.Debug|iPhoneSimulator.Deploy.0 = Debug|iPhoneSimulator
		{0F3F4325-C67C-4D08-A7D4-8BE939D02CD6}.Debug|x64.ActiveCfg = Debug|iPhone
		{0F3F4325-C67C-4D08-A7D4-8BE939D02CD6}.Debug|x64.Build.0 = Debug|iPhone
		{0F3F4325-C67C-4D08-A7D4-8BE939D02CD6}.Debug|x64.Deploy.0 = Debug|iPhone
		{0F3F4325-C67C-4D08-A7D4-8BE939D02CD6}.Debug|x86.ActiveCfg = Debug|iPhone
		{0F3F4325-C67C-4D08-A7D4-8BE939D02CD6}.Debug|x86.Build.0 = Debug|iPhone
		{0F3F4325-C67C-4D08-A7D4-8BE939D02CD6}.Debug|x86.Deploy.0 = Debug|iPhone
		{0F3F4325-C67C-4D08-A7D4-8BE939D02CD6}.Release|Any CPU.ActiveCfg = Release|iPhone
		{0F3F4325-C67C-4D08-A7D4-8BE939D02CD6}.Release|Any CPU.Build.0 = Release|iPhone
		{0F3F4325-C67C-4D08-A7D4-8BE939D02CD6}.Release|Any CPU.Deploy.0 = Release|iPhone
		{0F3F4325-C67C-4D08-A7D4-8BE939D02CD6}.Release|ARM.ActiveCfg = Release|iPhone
		{0F3F4325-C67C-4D08-A7D4-8BE939D02CD6}.Release|ARM.Build.0 = Release|iPhone
		{0F3F4325-C67C-4D08-A7D4-8BE939D02CD6}.Release|ARM.Deploy.0 = Release|iPhone
		{0F3F4325-C67C-4D08-A7D4-8BE939D02CD6}.Release|iPhone.ActiveCfg = Release|iPhone
		{0F3F4325-C67C-4D08-A7D4-8BE939D02CD6}.Release|iPhone.Build.0 = Release|iPhone
		{0F3F4325-C67C-4D08-A7D4-8BE939D02CD6}.Release|iPhone.Deploy.0 = Release|iPhone
		{0F3F4325-C67C-4D08-A7D4-8BE939D02CD6}.Release|iPhoneSimulator.ActiveCfg = Release|iPhoneSimulator
		{0F3F4325-C67C-4D08-A7D4-8BE939D02CD6}.Release|iPhoneSimulator.Build.0 = Release|iPhoneSimulator
		{0F3F4325-C67C-4D08-A7D4-8BE939D02CD6}.Release|iPhoneSimulator.Deploy.0 = Release|iPhoneSimulator
		{0F3F4325-C67C-4D08-A7D4-8BE939D02CD6}.Release|x64.ActiveCfg = Release|iPhone
		{0F3F4325-C67C-4D08-A7D4-8BE939D02CD6}.Release|x64.Build.0 = Release|iPhone
		{0F3F4325-C67C-4D08-A7D4-8BE939D02CD6}.Release|x64.Deploy.0 = Release|iPhone
		{0F3F4325-C67C-4D08-A7D4-8BE939D02CD6}.Release|x86.ActiveCfg = Release|iPhone
		{0F3F4325-C67C-4D08-A7D4-8BE939D02CD6}.Release|x86.Build.0 = Release|iPhone
		{0F3F4325-C67C-4D08-A7D4-8BE939D02CD6}.Release|x86.Deploy.0 = Release|iPhone
		{7AA5E529-FA84-4215-876C-801A7846CDB7}.Ad-Hoc|Any CPU.ActiveCfg = Release|x86
		{7AA5E529-FA84-4215-876C-801A7846CDB7}.Ad-Hoc|Any CPU.Build.0 = Release|x86
		{7AA5E529-FA84-4215-876C-801A7846CDB7}.Ad-Hoc|Any CPU.Deploy.0 = Release|x86
		{7AA5E529-FA84-4215-876C-801A7846CDB7}.Ad-Hoc|ARM.ActiveCfg = Release|ARM
		{7AA5E529-FA84-4215-876C-801A7846CDB7}.Ad-Hoc|ARM.Build.0 = Release|ARM
		{7AA5E529-FA84-4215-876C-801A7846CDB7}.Ad-Hoc|ARM.Deploy.0 = Release|ARM
		{7AA5E529-FA84-4215-876C-801A7846CDB7}.Ad-Hoc|iPhone.ActiveCfg = Release|x86
		{7AA5E529-FA84-4215-876C-801A7846CDB7}.Ad-Hoc|iPhone.Build.0 = Release|x86
		{7AA5E529-FA84-4215-876C-801A7846CDB7}.Ad-Hoc|iPhone.Deploy.0 = Release|x86
		{7AA5E529-FA84-4215-876C-801A7846CDB7}.Ad-Hoc|iPhoneSimulator.ActiveCfg = Release|x86
		{7AA5E529-FA84-4215-876C-801A7846CDB7}.Ad-Hoc|iPhoneSimulator.Build.0 = Release|x86
		{7AA5E529-FA84-4215-876C-801A7846CDB7}.Ad-Hoc|iPhoneSimulator.Deploy.0 = Release|x86
		{7AA5E529-FA84-4215-876C-801A7846CDB7}.Ad-Hoc|x64.ActiveCfg = Release|x64
		{7AA5E529-FA84-4215-876C-801A7846CDB7}.Ad-Hoc|x64.Build.0 = Release|x64
		{7AA5E529-FA84-4215-876C-801A7846CDB7}.Ad-Hoc|x64.Deploy.0 = Release|x64
		{7AA5E529-FA84-4215-876C-801A7846CDB7}.Ad-Hoc|x86.ActiveCfg = Release|x86
		{7AA5E529-FA84-4215-876C-801A7846CDB7}.Ad-Hoc|x86.Build.0 = Release|x86
		{7AA5E529-FA84-4215-876C-801A7846CDB7}.Ad-Hoc|x86.Deploy.0 = Release|x86
		{7AA5E529-FA84-4215-876C-801A7846CDB7}.AppStore|Any CPU.ActiveCfg = Release|x86
		{7AA5E529-FA84-4215-876C-801A7846CDB7}.AppStore|Any CPU.Build.0 = Release|x86
		{7AA5E529-FA84-4215-876C-801A7846CDB7}.AppStore|Any CPU.Deploy.0 = Release|x86
		{7AA5E529-FA84-4215-876C-801A7846CDB7}.AppStore|ARM.ActiveCfg = Release|ARM
		{7AA5E529-FA84-4215-876C-801A7846CDB7}.AppStore|ARM.Build.0 = Release|ARM
		{7AA5E529-FA84-4215-876C-801A7846CDB7}.AppStore|ARM.Deploy.0 = Release|ARM
		{7AA5E529-FA84-4215-876C-801A7846CDB7}.AppStore|iPhone.ActiveCfg = Release|x86
		{7AA5E529-FA84-4215-876C-801A7846CDB7}.AppStore|iPhone.Build.0 = Release|x86
		{7AA5E529-FA84-4215-876C-801A7846CDB7}.AppStore|iPhone.Deploy.0 = Release|x86
		{7AA5E529-FA84-4215-876C-801A7846CDB7}.AppStore|iPhoneSimulator.ActiveCfg = Release|x86
		{7AA5E529-FA84-4215-876C-801A7846CDB7}.AppStore|iPhoneSimulator.Build.0 = Release|x86
		{7AA5E529-FA84-4215-876C-801A7846CDB7}.AppStore|iPhoneSimulator.Deploy.0 = Release|x86
		{7AA5E529-FA84-4215-876C-801A7846CDB7}.AppStore|x64.ActiveCfg = Release|x64
		{7AA5E529-FA84-4215-876C-801A7846CDB7}.AppStore|x64.Build.0 = Release|x64
		{7AA5E529-FA84-4215-876C-801A7846CDB7}.AppStore|x64.Deploy.0 = Release|x64
		{7AA5E529-FA84-4215-876C-801A7846CDB7}.AppStore|x86.ActiveCfg = Release|x86
		{7AA5E529-FA84-4215-876C-801A7846CDB7}.AppStore|x86.Build.0 = Release|x86
		{7AA5E529-FA84-4215-876C-801A7846CDB7}.AppStore|x86.Deploy.0 = Release|x86
		{7AA5E529-FA84-4215-876C-801A7846CDB7}.Debug|Any CPU.ActiveCfg = Debug|x86
		{7AA5E529-FA84-4215-876C-801A7846CDB7}.Debug|Any CPU.Build.0 = Debug|x86
		{7AA5E529-FA84-4215-876C-801A7846CDB7}.Debug|Any CPU.Deploy.0 = Debug|x86
		{7AA5E529-FA84-4215-876C-801A7846CDB7}.Debug|ARM.ActiveCfg = Debug|ARM
		{7AA5E529-FA84-4215-876C-801A7846CDB7}.Debug|ARM.Build.0 = Debug|ARM
		{7AA5E529-FA84-4215-876C-801A7846CDB7}.Debug|ARM.Deploy.0 = Debug|ARM
		{7AA5E529-FA84-4215-876C-801A7846CDB7}.Debug|iPhone.ActiveCfg = Debug|x86
		{7AA5E529-FA84-4215-876C-801A7846CDB7}.Debug|iPhone.Build.0 = Debug|x86
		{7AA5E529-FA84-4215-876C-801A7846CDB7}.Debug|iPhone.Deploy.0 = Debug|x86
		{7AA5E529-FA84-4215-876C-801A7846CDB7}.Debug|iPhoneSimulator.ActiveCfg = Debug|x86
		{7AA5E529-FA84-4215-876C-801A7846CDB7}.Debug|iPhoneSimulator.Build.0 = Debug|x86
		{7AA5E529-FA84-4215-876C-801A7846CDB7}.Debug|iPhoneSimulator.Deploy.0 = Debug|x86
		{7AA5E529-FA84-4215-876C-801A7846CDB7}.Debug|x64.ActiveCfg = Debug|x64
		{7AA5E529-FA84-4215-876C-801A7846CDB7}.Debug|x64.Build.0 = Debug|x64
		{7AA5E529-FA84-4215-876C-801A7846CDB7}.Debug|x64.Deploy.0 = Debug|x64
		{7AA5E529-FA84-4215-876C-801A7846CDB7}.Debug|x86.ActiveCfg = Debug|x86
		{7AA5E529-FA84-4215-876C-801A7846CDB7}.Debug|x86.Build.0 = Debug|x86
		{7AA5E529-FA84-4215-876C-801A7846CDB7}.Debug|x86.Deploy.0 = Debug|x86
		{7AA5E529-FA84-4215-876C-801A7846CDB7}.Release|Any CPU.ActiveCfg = Release|x86
		{7AA5E529-FA84-4215-876C-801A7846CDB7}.Release|Any CPU.Build.0 = Release|x86
		{7AA5E529-FA84-4215-876C-801A7846CDB7}.Release|Any CPU.Deploy.0 = Release|x86
		{7AA5E529-FA84-4215-876C-801A7846CDB7}.Release|ARM.ActiveCfg = Release|ARM
		{7AA5E529-FA84-4215-876C-801A7846CDB7}.Release|ARM.Build.0 = Release|ARM
		{7AA5E529-FA84-4215-876C-801A7846CDB7}.Release|ARM.Deploy.0 = Release|ARM
		{7AA5E529-FA84-4215-876C-801A7846CDB7}.Release|iPhone.ActiveCfg = Release|x86
		{7AA5E529-FA84-4215-876C-801A7846CDB7}.Release|iPhone.Build.0 = Release|x86
		{7AA5E529-FA84-4215-876C-801A7846CDB7}.Release|iPhone.Deploy.0 = Release|x86
		{7AA5E529-FA84-4215-876C-801A7846CDB7}.Release|iPhoneSimulator.ActiveCfg = Release|x86
		{7AA5E529-FA84-4215-876C-801A7846CDB7}.Release|iPhoneSimulator.Build.0 = Release|x86
		{7AA5E529-FA84-4215-876C-801A7846CDB7}.Release|iPhoneSimulator.Deploy.0 = Release|x86
		{7AA5E529-FA84-4215-876C-801A7846CDB7}.Release|x64.ActiveCfg = Release|x64
		{7AA5E529-FA84-4215-876C-801A7846CDB7}.Release|x64.Build.0 = Release|x64
		{7AA5E529-FA84-4215-876C-801A7846CDB7}.Release|x64.Deploy.0 = Release|x64
		{7AA5E529-FA84-4215-876C-801A7846CDB7}.Release|x86.ActiveCfg = Release|x86
		{7AA5E529-FA84-4215-876C-801A7846CDB7}.Release|x86.Build.0 = Release|x86
		{7AA5E529-FA84-4215-876C-801A7846CDB7}.Release|x86.Deploy.0 = Release|x86
		{F9C027EE-9B26-4898-B8D5-380F1C244458}.Ad-Hoc|Any CPU.ActiveCfg = Debug|Any CPU
		{F9C027EE-9B26-4898-B8D5-380F1C244458}.Ad-Hoc|Any CPU.Build.0 = Debug|Any CPU
		{F9C027EE-9B26-4898-B8D5-380F1C244458}.Ad-Hoc|Any CPU.Deploy.0 = Debug|Any CPU
		{F9C027EE-9B26-4898-B8D5-380F1C244458}.Ad-Hoc|ARM.ActiveCfg = Debug|Any CPU
		{F9C027EE-9B26-4898-B8D5-380F1C244458}.Ad-Hoc|ARM.Build.0 = Debug|Any CPU
		{F9C027EE-9B26-4898-B8D5-380F1C244458}.Ad-Hoc|ARM.Deploy.0 = Debug|Any CPU
		{F9C027EE-9B26-4898-B8D5-380F1C244458}.Ad-Hoc|iPhone.ActiveCfg = Debug|Any CPU
		{F9C027EE-9B26-4898-B8D5-380F1C244458}.Ad-Hoc|iPhone.Build.0 = Debug|Any CPU
		{F9C027EE-9B26-4898-B8D5-380F1C244458}.Ad-Hoc|iPhone.Deploy.0 = Debug|Any CPU
		{F9C027EE-9B26-4898-B8D5-380F1C244458}.Ad-Hoc|iPhoneSimulator.ActiveCfg = Debug|Any CPU
		{F9C027EE-9B26-4898-B8D5-380F1C244458}.Ad-Hoc|iPhoneSimulator.Build.0 = Debug|Any CPU
		{F9C027EE-9B26-4898-B8D5-380F1C244458}.Ad-Hoc|iPhoneSimulator.Deploy.0 = Debug|Any CPU
		{F9C027EE-9B26-4898-B8D5-380F1C244458}.Ad-Hoc|x64.ActiveCfg = Debug|Any CPU
		{F9C027EE-9B26-4898-B8D5-380F1C244458}.Ad-Hoc|x64.Build.0 = Debug|Any CPU
		{F9C027EE-9B26-4898-B8D5-380F1C244458}.Ad-Hoc|x64.Deploy.0 = Debug|Any CPU
		{F9C027EE-9B26-4898-B8D5-380F1C244458}.Ad-Hoc|x86.ActiveCfg = Debug|Any CPU
		{F9C027EE-9B26-4898-B8D5-380F1C244458}.Ad-Hoc|x86.Build.0 = Debug|Any CPU
		{F9C027EE-9B26-4898-B8D5-380F1C244458}.Ad-Hoc|x86.Deploy.0 = Debug|Any CPU
		{F9C027EE-9B26-4898-B8D5-380F1C244458}.AppStore|Any CPU.ActiveCfg = Debug|Any CPU
		{F9C027EE-9B26-4898-B8D5-380F1C244458}.AppStore|Any CPU.Build.0 = Debug|Any CPU
		{F9C027EE-9B26-4898-B8D5-380F1C244458}.AppStore|Any CPU.Deploy.0 = Debug|Any CPU
		{F9C027EE-9B26-4898-B8D5-380F1C244458}.AppStore|ARM.ActiveCfg = Debug|Any CPU
		{F9C027EE-9B26-4898-B8D5-380F1C244458}.AppStore|ARM.Build.0 = Debug|Any CPU
		{F9C027EE-9B26-4898-B8D5-380F1C244458}.AppStore|ARM.Deploy.0 = Debug|Any CPU
		{F9C027EE-9B26-4898-B8D5-380F1C244458}.AppStore|iPhone.ActiveCfg = Debug|Any CPU
		{F9C027EE-9B26-4898-B8D5-380F1C244458}.AppStore|iPhone.Build.0 = Debug|Any CPU
		{F9C027EE-9B26-4898-B8D5-380F1C244458}.AppStore|iPhone.Deploy.0 = Debug|Any CPU
		{F9C027EE-9B26-4898-B8D5-380F1C244458}.AppStore|iPhoneSimulator.ActiveCfg = Debug|Any CPU
		{F9C027EE-9B26-4898-B8D5-380F1C244458}.AppStore|iPhoneSimulator.Build.0 = Debug|Any CPU
		{F9C027EE-9B26-4898-B8D5-380F1C244458}.AppStore|iPhoneSimulator.Deploy.0 = Debug|Any CPU
		{F9C027EE-9B26-4898-B8D5-380F1C244458}.AppStore|x64.ActiveCfg = Debug|Any CPU
		{F9C027EE-9B26-4898-B8D5-380F1C244458}.AppStore|x64.Build.0 = Debug|Any CPU
		{F9C027EE-9B26-4898-B8D5-380F1C244458}.AppStore|x64.Deploy.0 = Debug|Any CPU
		{F9C027EE-9B26-4898-B8D5-380F1C244458}.AppStore|x86.ActiveCfg = Debug|Any CPU
		{F9C027EE-9B26-4898-B8D5-380F1C244458}.AppStore|x86.Build.0 = Debug|Any CPU
		{F9C027EE-9B26-4898-B8D5-380F1C244458}.AppStore|x86.Deploy.0 = Debug|Any CPU
		{F9C027EE-9B26-4898-B8D5-380F1C244458}.Debug|Any CPU.ActiveCfg = Debug|Any CPU
		{F9C027EE-9B26-4898-B8D5-380F1C244458}.Debug|Any CPU.Build.0 = Debug|Any CPU
		{F9C027EE-9B26-4898-B8D5-380F1C244458}.Debug|Any CPU.Deploy.0 = Debug|Any CPU
		{F9C027EE-9B26-4898-B8D5-380F1C244458}.Debug|ARM.ActiveCfg = Debug|Any CPU
		{F9C027EE-9B26-4898-B8D5-380F1C244458}.Debug|ARM.Build.0 = Debug|Any CPU
		{F9C027EE-9B26-4898-B8D5-380F1C244458}.Debug|ARM.Deploy.0 = Debug|Any CPU
		{F9C027EE-9B26-4898-B8D5-380F1C244458}.Debug|iPhone.ActiveCfg = Debug|Any CPU
		{F9C027EE-9B26-4898-B8D5-380F1C244458}.Debug|iPhone.Build.0 = Debug|Any CPU
		{F9C027EE-9B26-4898-B8D5-380F1C244458}.Debug|iPhone.Deploy.0 = Debug|Any CPU
		{F9C027EE-9B26-4898-B8D5-380F1C244458}.Debug|iPhoneSimulator.ActiveCfg = Debug|Any CPU
		{F9C027EE-9B26-4898-B8D5-380F1C244458}.Debug|iPhoneSimulator.Build.0 = Debug|Any CPU
		{F9C027EE-9B26-4898-B8D5-380F1C244458}.Debug|iPhoneSimulator.Deploy.0 = Debug|Any CPU
		{F9C027EE-9B26-4898-B8D5-380F1C244458}.Debug|x64.ActiveCfg = Debug|Any CPU
		{F9C027EE-9B26-4898-B8D5-380F1C244458}.Debug|x64.Build.0 = Debug|Any CPU
		{F9C027EE-9B26-4898-B8D5-380F1C244458}.Debug|x64.Deploy.0 = Debug|Any CPU
		{F9C027EE-9B26-4898-B8D5-380F1C244458}.Debug|x86.ActiveCfg = Debug|Any CPU
		{F9C027EE-9B26-4898-B8D5-380F1C244458}.Debug|x86.Build.0 = Debug|Any CPU
		{F9C027EE-9B26-4898-B8D5-380F1C244458}.Debug|x86.Deploy.0 = Debug|Any CPU
		{F9C027EE-9B26-4898-B8D5-380F1C244458}.Release|Any CPU.ActiveCfg = Release|Any CPU
		{F9C027EE-9B26-4898-B8D5-380F1C244458}.Release|Any CPU.Build.0 = Release|Any CPU
		{F9C027EE-9B26-4898-B8D5-380F1C244458}.Release|Any CPU.Deploy.0 = Release|Any CPU
		{F9C027EE-9B26-4898-B8D5-380F1C244458}.Release|ARM.ActiveCfg = Release|Any CPU
		{F9C027EE-9B26-4898-B8D5-380F1C244458}.Release|ARM.Build.0 = Release|Any CPU
		{F9C027EE-9B26-4898-B8D5-380F1C244458}.Release|ARM.Deploy.0 = Release|Any CPU
		{F9C027EE-9B26-4898-B8D5-380F1C244458}.Release|iPhone.ActiveCfg = Release|Any CPU
		{F9C027EE-9B26-4898-B8D5-380F1C244458}.Release|iPhone.Build.0 = Release|Any CPU
		{F9C027EE-9B26-4898-B8D5-380F1C244458}.Release|iPhone.Deploy.0 = Release|Any CPU
		{F9C027EE-9B26-4898-B8D5-380F1C244458}.Release|iPhoneSimulator.ActiveCfg = Release|Any CPU
		{F9C027EE-9B26-4898-B8D5-380F1C244458}.Release|iPhoneSimulator.Build.0 = Release|Any CPU
		{F9C027EE-9B26-4898-B8D5-380F1C244458}.Release|iPhoneSimulator.Deploy.0 = Release|Any CPU
		{F9C027EE-9B26-4898-B8D5-380F1C244458}.Release|x64.ActiveCfg = Release|Any CPU
		{F9C027EE-9B26-4898-B8D5-380F1C244458}.Release|x64.Build.0 = Release|Any CPU
		{F9C027EE-9B26-4898-B8D5-380F1C244458}.Release|x64.Deploy.0 = Release|Any CPU
		{F9C027EE-9B26-4898-B8D5-380F1C244458}.Release|x86.ActiveCfg = Release|Any CPU
		{F9C027EE-9B26-4898-B8D5-380F1C244458}.Release|x86.Build.0 = Release|Any CPU
		{F9C027EE-9B26-4898-B8D5-380F1C244458}.Release|x86.Deploy.0 = Release|Any CPU
		{09245E2E-0268-49A0-BDE3-DB87DBBE12D0}.Ad-Hoc|Any CPU.ActiveCfg = Release|Any CPU
		{09245E2E-0268-49A0-BDE3-DB87DBBE12D0}.Ad-Hoc|Any CPU.Build.0 = Release|Any CPU
		{09245E2E-0268-49A0-BDE3-DB87DBBE12D0}.Ad-Hoc|ARM.ActiveCfg = Release|Any CPU
		{09245E2E-0268-49A0-BDE3-DB87DBBE12D0}.Ad-Hoc|ARM.Build.0 = Release|Any CPU
		{09245E2E-0268-49A0-BDE3-DB87DBBE12D0}.Ad-Hoc|iPhone.ActiveCfg = Release|Any CPU
		{09245E2E-0268-49A0-BDE3-DB87DBBE12D0}.Ad-Hoc|iPhone.Build.0 = Release|Any CPU
		{09245E2E-0268-49A0-BDE3-DB87DBBE12D0}.Ad-Hoc|iPhoneSimulator.ActiveCfg = Release|Any CPU
		{09245E2E-0268-49A0-BDE3-DB87DBBE12D0}.Ad-Hoc|iPhoneSimulator.Build.0 = Release|Any CPU
		{09245E2E-0268-49A0-BDE3-DB87DBBE12D0}.Ad-Hoc|x64.ActiveCfg = Release|Any CPU
		{09245E2E-0268-49A0-BDE3-DB87DBBE12D0}.Ad-Hoc|x64.Build.0 = Release|Any CPU
		{09245E2E-0268-49A0-BDE3-DB87DBBE12D0}.Ad-Hoc|x86.ActiveCfg = Release|Any CPU
		{09245E2E-0268-49A0-BDE3-DB87DBBE12D0}.Ad-Hoc|x86.Build.0 = Release|Any CPU
		{09245E2E-0268-49A0-BDE3-DB87DBBE12D0}.AppStore|Any CPU.ActiveCfg = Release|Any CPU
		{09245E2E-0268-49A0-BDE3-DB87DBBE12D0}.AppStore|Any CPU.Build.0 = Release|Any CPU
		{09245E2E-0268-49A0-BDE3-DB87DBBE12D0}.AppStore|ARM.ActiveCfg = Release|Any CPU
		{09245E2E-0268-49A0-BDE3-DB87DBBE12D0}.AppStore|ARM.Build.0 = Release|Any CPU
		{09245E2E-0268-49A0-BDE3-DB87DBBE12D0}.AppStore|iPhone.ActiveCfg = Release|Any CPU
		{09245E2E-0268-49A0-BDE3-DB87DBBE12D0}.AppStore|iPhone.Build.0 = Release|Any CPU
		{09245E2E-0268-49A0-BDE3-DB87DBBE12D0}.AppStore|iPhoneSimulator.ActiveCfg = Release|Any CPU
		{09245E2E-0268-49A0-BDE3-DB87DBBE12D0}.AppStore|iPhoneSimulator.Build.0 = Release|Any CPU
		{09245E2E-0268-49A0-BDE3-DB87DBBE12D0}.AppStore|x64.ActiveCfg = Release|Any CPU
		{09245E2E-0268-49A0-BDE3-DB87DBBE12D0}.AppStore|x64.Build.0 = Release|Any CPU
		{09245E2E-0268-49A0-BDE3-DB87DBBE12D0}.AppStore|x86.ActiveCfg = Release|Any CPU
		{09245E2E-0268-49A0-BDE3-DB87DBBE12D0}.AppStore|x86.Build.0 = Release|Any CPU
		{09245E2E-0268-49A0-BDE3-DB87DBBE12D0}.Debug|Any CPU.ActiveCfg = Debug|Any CPU
		{09245E2E-0268-49A0-BDE3-DB87DBBE12D0}.Debug|Any CPU.Build.0 = Debug|Any CPU
		{09245E2E-0268-49A0-BDE3-DB87DBBE12D0}.Debug|ARM.ActiveCfg = Debug|Any CPU
		{09245E2E-0268-49A0-BDE3-DB87DBBE12D0}.Debug|ARM.Build.0 = Debug|Any CPU
		{09245E2E-0268-49A0-BDE3-DB87DBBE12D0}.Debug|iPhone.ActiveCfg = Debug|Any CPU
		{09245E2E-0268-49A0-BDE3-DB87DBBE12D0}.Debug|iPhone.Build.0 = Debug|Any CPU
		{09245E2E-0268-49A0-BDE3-DB87DBBE12D0}.Debug|iPhoneSimulator.ActiveCfg = Debug|Any CPU
		{09245E2E-0268-49A0-BDE3-DB87DBBE12D0}.Debug|iPhoneSimulator.Build.0 = Debug|Any CPU
		{09245E2E-0268-49A0-BDE3-DB87DBBE12D0}.Debug|x64.ActiveCfg = Debug|Any CPU
		{09245E2E-0268-49A0-BDE3-DB87DBBE12D0}.Debug|x64.Build.0 = Debug|Any CPU
		{09245E2E-0268-49A0-BDE3-DB87DBBE12D0}.Debug|x86.ActiveCfg = Debug|Any CPU
		{09245E2E-0268-49A0-BDE3-DB87DBBE12D0}.Debug|x86.Build.0 = Debug|Any CPU
		{09245E2E-0268-49A0-BDE3-DB87DBBE12D0}.Release|Any CPU.ActiveCfg = Release|Any CPU
		{09245E2E-0268-49A0-BDE3-DB87DBBE12D0}.Release|Any CPU.Build.0 = Release|Any CPU
		{09245E2E-0268-49A0-BDE3-DB87DBBE12D0}.Release|ARM.ActiveCfg = Release|Any CPU
		{09245E2E-0268-49A0-BDE3-DB87DBBE12D0}.Release|ARM.Build.0 = Release|Any CPU
		{09245E2E-0268-49A0-BDE3-DB87DBBE12D0}.Release|iPhone.ActiveCfg = Release|Any CPU
		{09245E2E-0268-49A0-BDE3-DB87DBBE12D0}.Release|iPhone.Build.0 = Release|Any CPU
		{09245E2E-0268-49A0-BDE3-DB87DBBE12D0}.Release|iPhoneSimulator.ActiveCfg = Release|Any CPU
		{09245E2E-0268-49A0-BDE3-DB87DBBE12D0}.Release|iPhoneSimulator.Build.0 = Release|Any CPU
		{09245E2E-0268-49A0-BDE3-DB87DBBE12D0}.Release|x64.ActiveCfg = Release|Any CPU
		{09245E2E-0268-49A0-BDE3-DB87DBBE12D0}.Release|x64.Build.0 = Release|Any CPU
		{09245E2E-0268-49A0-BDE3-DB87DBBE12D0}.Release|x86.ActiveCfg = Release|Any CPU
		{09245E2E-0268-49A0-BDE3-DB87DBBE12D0}.Release|x86.Build.0 = Release|Any CPU
		{1B4DD6C2-073B-49A4-9FDA-1E8D38BA6AF5}.Ad-Hoc|Any CPU.ActiveCfg = Release|Any CPU
		{1B4DD6C2-073B-49A4-9FDA-1E8D38BA6AF5}.Ad-Hoc|Any CPU.Build.0 = Release|Any CPU
		{1B4DD6C2-073B-49A4-9FDA-1E8D38BA6AF5}.Ad-Hoc|ARM.ActiveCfg = Release|Any CPU
		{1B4DD6C2-073B-49A4-9FDA-1E8D38BA6AF5}.Ad-Hoc|ARM.Build.0 = Release|Any CPU
		{1B4DD6C2-073B-49A4-9FDA-1E8D38BA6AF5}.Ad-Hoc|iPhone.ActiveCfg = Release|Any CPU
		{1B4DD6C2-073B-49A4-9FDA-1E8D38BA6AF5}.Ad-Hoc|iPhone.Build.0 = Release|Any CPU
		{1B4DD6C2-073B-49A4-9FDA-1E8D38BA6AF5}.Ad-Hoc|iPhoneSimulator.ActiveCfg = Release|Any CPU
		{1B4DD6C2-073B-49A4-9FDA-1E8D38BA6AF5}.Ad-Hoc|iPhoneSimulator.Build.0 = Release|Any CPU
		{1B4DD6C2-073B-49A4-9FDA-1E8D38BA6AF5}.Ad-Hoc|x64.ActiveCfg = Release|Any CPU
		{1B4DD6C2-073B-49A4-9FDA-1E8D38BA6AF5}.Ad-Hoc|x64.Build.0 = Release|Any CPU
		{1B4DD6C2-073B-49A4-9FDA-1E8D38BA6AF5}.Ad-Hoc|x86.ActiveCfg = Release|Any CPU
		{1B4DD6C2-073B-49A4-9FDA-1E8D38BA6AF5}.Ad-Hoc|x86.Build.0 = Release|Any CPU
		{1B4DD6C2-073B-49A4-9FDA-1E8D38BA6AF5}.AppStore|Any CPU.ActiveCfg = Release|Any CPU
		{1B4DD6C2-073B-49A4-9FDA-1E8D38BA6AF5}.AppStore|Any CPU.Build.0 = Release|Any CPU
		{1B4DD6C2-073B-49A4-9FDA-1E8D38BA6AF5}.AppStore|ARM.ActiveCfg = Release|Any CPU
		{1B4DD6C2-073B-49A4-9FDA-1E8D38BA6AF5}.AppStore|ARM.Build.0 = Release|Any CPU
		{1B4DD6C2-073B-49A4-9FDA-1E8D38BA6AF5}.AppStore|iPhone.ActiveCfg = Release|Any CPU
		{1B4DD6C2-073B-49A4-9FDA-1E8D38BA6AF5}.AppStore|iPhone.Build.0 = Release|Any CPU
		{1B4DD6C2-073B-49A4-9FDA-1E8D38BA6AF5}.AppStore|iPhoneSimulator.ActiveCfg = Release|Any CPU
		{1B4DD6C2-073B-49A4-9FDA-1E8D38BA6AF5}.AppStore|iPhoneSimulator.Build.0 = Release|Any CPU
		{1B4DD6C2-073B-49A4-9FDA-1E8D38BA6AF5}.AppStore|x64.ActiveCfg = Release|Any CPU
		{1B4DD6C2-073B-49A4-9FDA-1E8D38BA6AF5}.AppStore|x64.Build.0 = Release|Any CPU
		{1B4DD6C2-073B-49A4-9FDA-1E8D38BA6AF5}.AppStore|x86.ActiveCfg = Release|Any CPU
		{1B4DD6C2-073B-49A4-9FDA-1E8D38BA6AF5}.AppStore|x86.Build.0 = Release|Any CPU
		{1B4DD6C2-073B-49A4-9FDA-1E8D38BA6AF5}.Debug|Any CPU.ActiveCfg = Debug|Any CPU
		{1B4DD6C2-073B-49A4-9FDA-1E8D38BA6AF5}.Debug|Any CPU.Build.0 = Debug|Any CPU
		{1B4DD6C2-073B-49A4-9FDA-1E8D38BA6AF5}.Debug|ARM.ActiveCfg = Debug|Any CPU
		{1B4DD6C2-073B-49A4-9FDA-1E8D38BA6AF5}.Debug|ARM.Build.0 = Debug|Any CPU
		{1B4DD6C2-073B-49A4-9FDA-1E8D38BA6AF5}.Debug|iPhone.ActiveCfg = Debug|Any CPU
		{1B4DD6C2-073B-49A4-9FDA-1E8D38BA6AF5}.Debug|iPhone.Build.0 = Debug|Any CPU
		{1B4DD6C2-073B-49A4-9FDA-1E8D38BA6AF5}.Debug|iPhoneSimulator.ActiveCfg = Debug|Any CPU
		{1B4DD6C2-073B-49A4-9FDA-1E8D38BA6AF5}.Debug|iPhoneSimulator.Build.0 = Debug|Any CPU
		{1B4DD6C2-073B-49A4-9FDA-1E8D38BA6AF5}.Debug|x64.ActiveCfg = Debug|Any CPU
		{1B4DD6C2-073B-49A4-9FDA-1E8D38BA6AF5}.Debug|x64.Build.0 = Debug|Any CPU
		{1B4DD6C2-073B-49A4-9FDA-1E8D38BA6AF5}.Debug|x86.ActiveCfg = Debug|Any CPU
		{1B4DD6C2-073B-49A4-9FDA-1E8D38BA6AF5}.Debug|x86.Build.0 = Debug|Any CPU
		{1B4DD6C2-073B-49A4-9FDA-1E8D38BA6AF5}.Release|Any CPU.ActiveCfg = Release|Any CPU
		{1B4DD6C2-073B-49A4-9FDA-1E8D38BA6AF5}.Release|Any CPU.Build.0 = Release|Any CPU
		{1B4DD6C2-073B-49A4-9FDA-1E8D38BA6AF5}.Release|ARM.ActiveCfg = Release|Any CPU
		{1B4DD6C2-073B-49A4-9FDA-1E8D38BA6AF5}.Release|ARM.Build.0 = Release|Any CPU
		{1B4DD6C2-073B-49A4-9FDA-1E8D38BA6AF5}.Release|iPhone.ActiveCfg = Release|Any CPU
		{1B4DD6C2-073B-49A4-9FDA-1E8D38BA6AF5}.Release|iPhone.Build.0 = Release|Any CPU
		{1B4DD6C2-073B-49A4-9FDA-1E8D38BA6AF5}.Release|iPhoneSimulator.ActiveCfg = Release|Any CPU
		{1B4DD6C2-073B-49A4-9FDA-1E8D38BA6AF5}.Release|iPhoneSimulator.Build.0 = Release|Any CPU
		{1B4DD6C2-073B-49A4-9FDA-1E8D38BA6AF5}.Release|x64.ActiveCfg = Release|Any CPU
		{1B4DD6C2-073B-49A4-9FDA-1E8D38BA6AF5}.Release|x64.Build.0 = Release|Any CPU
		{1B4DD6C2-073B-49A4-9FDA-1E8D38BA6AF5}.Release|x86.ActiveCfg = Release|Any CPU
		{1B4DD6C2-073B-49A4-9FDA-1E8D38BA6AF5}.Release|x86.Build.0 = Release|Any CPU
		{2B765B78-E5E2-4A6F-A8FA-0D0A4EBB7A5B}.Ad-Hoc|Any CPU.ActiveCfg = Release|Any CPU
		{2B765B78-E5E2-4A6F-A8FA-0D0A4EBB7A5B}.Ad-Hoc|Any CPU.Build.0 = Release|Any CPU
		{2B765B78-E5E2-4A6F-A8FA-0D0A4EBB7A5B}.Ad-Hoc|ARM.ActiveCfg = Release|Any CPU
		{2B765B78-E5E2-4A6F-A8FA-0D0A4EBB7A5B}.Ad-Hoc|ARM.Build.0 = Release|Any CPU
		{2B765B78-E5E2-4A6F-A8FA-0D0A4EBB7A5B}.Ad-Hoc|iPhone.ActiveCfg = Release|Any CPU
		{2B765B78-E5E2-4A6F-A8FA-0D0A4EBB7A5B}.Ad-Hoc|iPhone.Build.0 = Release|Any CPU
		{2B765B78-E5E2-4A6F-A8FA-0D0A4EBB7A5B}.Ad-Hoc|iPhoneSimulator.ActiveCfg = Release|Any CPU
		{2B765B78-E5E2-4A6F-A8FA-0D0A4EBB7A5B}.Ad-Hoc|iPhoneSimulator.Build.0 = Release|Any CPU
		{2B765B78-E5E2-4A6F-A8FA-0D0A4EBB7A5B}.Ad-Hoc|x64.ActiveCfg = Release|Any CPU
		{2B765B78-E5E2-4A6F-A8FA-0D0A4EBB7A5B}.Ad-Hoc|x64.Build.0 = Release|Any CPU
		{2B765B78-E5E2-4A6F-A8FA-0D0A4EBB7A5B}.Ad-Hoc|x86.ActiveCfg = Release|Any CPU
		{2B765B78-E5E2-4A6F-A8FA-0D0A4EBB7A5B}.Ad-Hoc|x86.Build.0 = Release|Any CPU
		{2B765B78-E5E2-4A6F-A8FA-0D0A4EBB7A5B}.AppStore|Any CPU.ActiveCfg = Release|Any CPU
		{2B765B78-E5E2-4A6F-A8FA-0D0A4EBB7A5B}.AppStore|Any CPU.Build.0 = Release|Any CPU
		{2B765B78-E5E2-4A6F-A8FA-0D0A4EBB7A5B}.AppStore|ARM.ActiveCfg = Release|Any CPU
		{2B765B78-E5E2-4A6F-A8FA-0D0A4EBB7A5B}.AppStore|ARM.Build.0 = Release|Any CPU
		{2B765B78-E5E2-4A6F-A8FA-0D0A4EBB7A5B}.AppStore|iPhone.ActiveCfg = Release|Any CPU
		{2B765B78-E5E2-4A6F-A8FA-0D0A4EBB7A5B}.AppStore|iPhone.Build.0 = Release|Any CPU
		{2B765B78-E5E2-4A6F-A8FA-0D0A4EBB7A5B}.AppStore|iPhoneSimulator.ActiveCfg = Release|Any CPU
		{2B765B78-E5E2-4A6F-A8FA-0D0A4EBB7A5B}.AppStore|iPhoneSimulator.Build.0 = Release|Any CPU
		{2B765B78-E5E2-4A6F-A8FA-0D0A4EBB7A5B}.AppStore|x64.ActiveCfg = Release|Any CPU
		{2B765B78-E5E2-4A6F-A8FA-0D0A4EBB7A5B}.AppStore|x64.Build.0 = Release|Any CPU
		{2B765B78-E5E2-4A6F-A8FA-0D0A4EBB7A5B}.AppStore|x86.ActiveCfg = Release|Any CPU
		{2B765B78-E5E2-4A6F-A8FA-0D0A4EBB7A5B}.AppStore|x86.Build.0 = Release|Any CPU
		{2B765B78-E5E2-4A6F-A8FA-0D0A4EBB7A5B}.Debug|Any CPU.ActiveCfg = Debug|Any CPU
		{2B765B78-E5E2-4A6F-A8FA-0D0A4EBB7A5B}.Debug|Any CPU.Build.0 = Debug|Any CPU
		{2B765B78-E5E2-4A6F-A8FA-0D0A4EBB7A5B}.Debug|ARM.ActiveCfg = Debug|Any CPU
		{2B765B78-E5E2-4A6F-A8FA-0D0A4EBB7A5B}.Debug|ARM.Build.0 = Debug|Any CPU
		{2B765B78-E5E2-4A6F-A8FA-0D0A4EBB7A5B}.Debug|iPhone.ActiveCfg = Debug|Any CPU
		{2B765B78-E5E2-4A6F-A8FA-0D0A4EBB7A5B}.Debug|iPhone.Build.0 = Debug|Any CPU
		{2B765B78-E5E2-4A6F-A8FA-0D0A4EBB7A5B}.Debug|iPhoneSimulator.ActiveCfg = Debug|Any CPU
		{2B765B78-E5E2-4A6F-A8FA-0D0A4EBB7A5B}.Debug|iPhoneSimulator.Build.0 = Debug|Any CPU
		{2B765B78-E5E2-4A6F-A8FA-0D0A4EBB7A5B}.Debug|x64.ActiveCfg = Debug|Any CPU
		{2B765B78-E5E2-4A6F-A8FA-0D0A4EBB7A5B}.Debug|x64.Build.0 = Debug|Any CPU
		{2B765B78-E5E2-4A6F-A8FA-0D0A4EBB7A5B}.Debug|x86.ActiveCfg = Debug|Any CPU
		{2B765B78-E5E2-4A6F-A8FA-0D0A4EBB7A5B}.Debug|x86.Build.0 = Debug|Any CPU
		{2B765B78-E5E2-4A6F-A8FA-0D0A4EBB7A5B}.Release|Any CPU.ActiveCfg = Release|Any CPU
		{2B765B78-E5E2-4A6F-A8FA-0D0A4EBB7A5B}.Release|Any CPU.Build.0 = Release|Any CPU
		{2B765B78-E5E2-4A6F-A8FA-0D0A4EBB7A5B}.Release|ARM.ActiveCfg = Release|Any CPU
		{2B765B78-E5E2-4A6F-A8FA-0D0A4EBB7A5B}.Release|ARM.Build.0 = Release|Any CPU
		{2B765B78-E5E2-4A6F-A8FA-0D0A4EBB7A5B}.Release|iPhone.ActiveCfg = Release|Any CPU
		{2B765B78-E5E2-4A6F-A8FA-0D0A4EBB7A5B}.Release|iPhone.Build.0 = Release|Any CPU
		{2B765B78-E5E2-4A6F-A8FA-0D0A4EBB7A5B}.Release|iPhoneSimulator.ActiveCfg = Release|Any CPU
		{2B765B78-E5E2-4A6F-A8FA-0D0A4EBB7A5B}.Release|iPhoneSimulator.Build.0 = Release|Any CPU
		{2B765B78-E5E2-4A6F-A8FA-0D0A4EBB7A5B}.Release|x64.ActiveCfg = Release|Any CPU
		{2B765B78-E5E2-4A6F-A8FA-0D0A4EBB7A5B}.Release|x64.Build.0 = Release|Any CPU
		{2B765B78-E5E2-4A6F-A8FA-0D0A4EBB7A5B}.Release|x86.ActiveCfg = Release|Any CPU
		{2B765B78-E5E2-4A6F-A8FA-0D0A4EBB7A5B}.Release|x86.Build.0 = Release|Any CPU
		{1D71A574-5E37-4305-9E40-BF91CAC15E84}.Ad-Hoc|Any CPU.ActiveCfg = Release|Any CPU
		{1D71A574-5E37-4305-9E40-BF91CAC15E84}.Ad-Hoc|Any CPU.Build.0 = Release|Any CPU
		{1D71A574-5E37-4305-9E40-BF91CAC15E84}.Ad-Hoc|ARM.ActiveCfg = Release|Any CPU
		{1D71A574-5E37-4305-9E40-BF91CAC15E84}.Ad-Hoc|ARM.Build.0 = Release|Any CPU
		{1D71A574-5E37-4305-9E40-BF91CAC15E84}.Ad-Hoc|iPhone.ActiveCfg = Release|Any CPU
		{1D71A574-5E37-4305-9E40-BF91CAC15E84}.Ad-Hoc|iPhone.Build.0 = Release|Any CPU
		{1D71A574-5E37-4305-9E40-BF91CAC15E84}.Ad-Hoc|iPhoneSimulator.ActiveCfg = Release|Any CPU
		{1D71A574-5E37-4305-9E40-BF91CAC15E84}.Ad-Hoc|iPhoneSimulator.Build.0 = Release|Any CPU
		{1D71A574-5E37-4305-9E40-BF91CAC15E84}.Ad-Hoc|x64.ActiveCfg = Release|Any CPU
		{1D71A574-5E37-4305-9E40-BF91CAC15E84}.Ad-Hoc|x64.Build.0 = Release|Any CPU
		{1D71A574-5E37-4305-9E40-BF91CAC15E84}.Ad-Hoc|x86.ActiveCfg = Release|Any CPU
		{1D71A574-5E37-4305-9E40-BF91CAC15E84}.Ad-Hoc|x86.Build.0 = Release|Any CPU
		{1D71A574-5E37-4305-9E40-BF91CAC15E84}.AppStore|Any CPU.ActiveCfg = Release|Any CPU
		{1D71A574-5E37-4305-9E40-BF91CAC15E84}.AppStore|Any CPU.Build.0 = Release|Any CPU
		{1D71A574-5E37-4305-9E40-BF91CAC15E84}.AppStore|ARM.ActiveCfg = Release|Any CPU
		{1D71A574-5E37-4305-9E40-BF91CAC15E84}.AppStore|ARM.Build.0 = Release|Any CPU
		{1D71A574-5E37-4305-9E40-BF91CAC15E84}.AppStore|iPhone.ActiveCfg = Release|Any CPU
		{1D71A574-5E37-4305-9E40-BF91CAC15E84}.AppStore|iPhone.Build.0 = Release|Any CPU
		{1D71A574-5E37-4305-9E40-BF91CAC15E84}.AppStore|iPhoneSimulator.ActiveCfg = Release|Any CPU
		{1D71A574-5E37-4305-9E40-BF91CAC15E84}.AppStore|iPhoneSimulator.Build.0 = Release|Any CPU
		{1D71A574-5E37-4305-9E40-BF91CAC15E84}.AppStore|x64.ActiveCfg = Release|Any CPU
		{1D71A574-5E37-4305-9E40-BF91CAC15E84}.AppStore|x64.Build.0 = Release|Any CPU
		{1D71A574-5E37-4305-9E40-BF91CAC15E84}.AppStore|x86.ActiveCfg = Release|Any CPU
		{1D71A574-5E37-4305-9E40-BF91CAC15E84}.AppStore|x86.Build.0 = Release|Any CPU
		{1D71A574-5E37-4305-9E40-BF91CAC15E84}.Debug|Any CPU.ActiveCfg = Debug|Any CPU
		{1D71A574-5E37-4305-9E40-BF91CAC15E84}.Debug|Any CPU.Build.0 = Debug|Any CPU
		{1D71A574-5E37-4305-9E40-BF91CAC15E84}.Debug|ARM.ActiveCfg = Debug|Any CPU
		{1D71A574-5E37-4305-9E40-BF91CAC15E84}.Debug|ARM.Build.0 = Debug|Any CPU
		{1D71A574-5E37-4305-9E40-BF91CAC15E84}.Debug|iPhone.ActiveCfg = Debug|Any CPU
		{1D71A574-5E37-4305-9E40-BF91CAC15E84}.Debug|iPhone.Build.0 = Debug|Any CPU
		{1D71A574-5E37-4305-9E40-BF91CAC15E84}.Debug|iPhoneSimulator.ActiveCfg = Debug|Any CPU
		{1D71A574-5E37-4305-9E40-BF91CAC15E84}.Debug|iPhoneSimulator.Build.0 = Debug|Any CPU
		{1D71A574-5E37-4305-9E40-BF91CAC15E84}.Debug|x64.ActiveCfg = Debug|Any CPU
		{1D71A574-5E37-4305-9E40-BF91CAC15E84}.Debug|x64.Build.0 = Debug|Any CPU
		{1D71A574-5E37-4305-9E40-BF91CAC15E84}.Debug|x86.ActiveCfg = Debug|Any CPU
		{1D71A574-5E37-4305-9E40-BF91CAC15E84}.Debug|x86.Build.0 = Debug|Any CPU
		{1D71A574-5E37-4305-9E40-BF91CAC15E84}.Release|Any CPU.ActiveCfg = Release|Any CPU
		{1D71A574-5E37-4305-9E40-BF91CAC15E84}.Release|Any CPU.Build.0 = Release|Any CPU
		{1D71A574-5E37-4305-9E40-BF91CAC15E84}.Release|ARM.ActiveCfg = Release|Any CPU
		{1D71A574-5E37-4305-9E40-BF91CAC15E84}.Release|ARM.Build.0 = Release|Any CPU
		{1D71A574-5E37-4305-9E40-BF91CAC15E84}.Release|iPhone.ActiveCfg = Release|Any CPU
		{1D71A574-5E37-4305-9E40-BF91CAC15E84}.Release|iPhone.Build.0 = Release|Any CPU
		{1D71A574-5E37-4305-9E40-BF91CAC15E84}.Release|iPhoneSimulator.ActiveCfg = Release|Any CPU
		{1D71A574-5E37-4305-9E40-BF91CAC15E84}.Release|iPhoneSimulator.Build.0 = Release|Any CPU
		{1D71A574-5E37-4305-9E40-BF91CAC15E84}.Release|x64.ActiveCfg = Release|Any CPU
		{1D71A574-5E37-4305-9E40-BF91CAC15E84}.Release|x64.Build.0 = Release|Any CPU
		{1D71A574-5E37-4305-9E40-BF91CAC15E84}.Release|x86.ActiveCfg = Release|Any CPU
		{1D71A574-5E37-4305-9E40-BF91CAC15E84}.Release|x86.Build.0 = Release|Any CPU
	EndGlobalSection
	GlobalSection(SolutionProperties) = preSolution
		HideSolutionNode = FALSE
	EndGlobalSection
	GlobalSection(ExtensibilityGlobals) = postSolution
		SolutionGuid = {399E325C-E390-4628-8F09-5A2651DB9618}
	EndGlobalSection
EndGlobal
